
Microsoft Visual Studio Solution File, Format Version 12.00
# Visual Studio Version 17
VisualStudioVersion = 17.7.34202.233
MinimumVisualStudioVersion = 10.0.40219.1
Project("{8BC9CEB8-8B4A-11D0-8D11-00A0C91BC942}") = "test20231024", "test20231024.vcxproj", "{D1B40F76-4D8C-42CA-A090-A62BAF9691FA}"
EndProject
Global
	GlobalSection(SolutionConfigurationPlatforms) = preSolution
		Debug|x64 = Debug|x64
		Debug|x86 = Debug|x86
		Release|x64 = Release|x64
		Release|x86 = Release|x86
	EndGlobalSection
	GlobalSection(ProjectConfigurationPlatforms) = postSolution
		{D1B40F76-4D8C-42CA-A090-A62BAF9691FA}.Debug|x64.ActiveCfg = Debug|x64
		{D1B40F76-4D8C-42CA-A090-A62BAF9691FA}.Debug|x64.Build.0 = Debug|x64
		{D1B40F76-4D8C-42CA-A090-A62BAF9691FA}.Debug|x86.ActiveCfg = Debug|Win32
		{D1B40F76-4D8C-42CA-A090-A62BAF9691FA}.Debug|x86.Build.0 = Debug|Win32
		{D1B40F76-4D8C-42CA-A090-A62BAF9691FA}.Release|x64.ActiveCfg = Release|x64
		{D1B40F76-4D8C-42CA-A090-A62BAF9691FA}.Release|x64.Build.0 = Release|x64
		{D1B40F76-4D8C-42CA-A090-A62BAF9691FA}.Release|x86.ActiveCfg = Release|Win32
		{D1B40F76-4D8C-42CA-A090-A62BAF9691FA}.Release|x86.Build.0 = Release|Win32
	EndGlobalSection
	GlobalSection(SolutionProperties) = preSolution
		HideSolutionNode = FALSE
	EndGlobalSection
	GlobalSection(ExtensibilityGlobals) = postSolution
		SolutionGuid = {B1B7981A-DE73-443C-9BA9-5F10FEA966BB}
	EndGlobalSection
EndGlobal
