
Microsoft Visual Studio Solution File, Format Version 12.00
# Visual Studio Version 17
VisualStudioVersion = 17.7.34202.233
MinimumVisualStudioVersion = 10.0.40219.1
Project("{8BC9CEB8-8B4A-11D0-8D11-00A0C91BC942}") = "test2023102301", "test2023102301.vcxproj", "{8B0A24A0-F598-4A10-83AC-79A283504186}"
EndProject
Global
	GlobalSection(SolutionConfigurationPlatforms) = preSolution
		Debug|x64 = Debug|x64
		Debug|x86 = Debug|x86
		Release|x64 = Release|x64
		Release|x86 = Release|x86
	EndGlobalSection
	GlobalSection(ProjectConfigurationPlatforms) = postSolution
		{8B0A24A0-F598-4A10-83AC-79A283504186}.Debug|x64.ActiveCfg = Debug|x64
		{8B0A24A0-F598-4A10-83AC-79A283504186}.Debug|x64.Build.0 = Debug|x64
		{8B0A24A0-F598-4A10-83AC-79A283504186}.Debug|x86.ActiveCfg = Debug|Win32
		{8B0A24A0-F598-4A10-83AC-79A283504186}.Debug|x86.Build.0 = Debug|Win32
		{8B0A24A0-F598-4A10-83AC-79A283504186}.Release|x64.ActiveCfg = Release|x64
		{8B0A24A0-F598-4A10-83AC-79A283504186}.Release|x64.Build.0 = Release|x64
		{8B0A24A0-F598-4A10-83AC-79A283504186}.Release|x86.ActiveCfg = Release|Win32
		{8B0A24A0-F598-4A10-83AC-79A283504186}.Release|x86.Build.0 = Release|Win32
	EndGlobalSection
	GlobalSection(SolutionProperties) = preSolution
		HideSolutionNode = FALSE
	EndGlobalSection
	GlobalSection(ExtensibilityGlobals) = postSolution
		SolutionGuid = {BAAF6926-21FC-4824-85D2-0A1A6676A86B}
	EndGlobalSection
EndGlobal
