
Microsoft Visual Studio Solution File, Format Version 12.00
# Visual Studio Version 17
VisualStudioVersion = 17.8.34408.163
MinimumVisualStudioVersion = 10.0.40219.1
Project("{8BC9CEB8-8B4A-11D0-8D11-00A0C91BC942}") = "test20240118", "test20240118\test20240118.vcxproj", "{F80E4900-1727-40CA-9750-A1F5F9BAC04E}"
EndProject
Global
	GlobalSection(SolutionConfigurationPlatforms) = preSolution
		Debug|x64 = Debug|x64
		Debug|x86 = Debug|x86
		Release|x64 = Release|x64
		Release|x86 = Release|x86
	EndGlobalSection
	GlobalSection(ProjectConfigurationPlatforms) = postSolution
		{F80E4900-1727-40CA-9750-A1F5F9BAC04E}.Debug|x64.ActiveCfg = Debug|x64
		{F80E4900-1727-40CA-9750-A1F5F9BAC04E}.Debug|x64.Build.0 = Debug|x64
		{F80E4900-1727-40CA-9750-A1F5F9BAC04E}.Debug|x86.ActiveCfg = Debug|Win32
		{F80E4900-1727-40CA-9750-A1F5F9BAC04E}.Debug|x86.Build.0 = Debug|Win32
		{F80E4900-1727-40CA-9750-A1F5F9BAC04E}.Release|x64.ActiveCfg = Release|x64
		{F80E4900-1727-40CA-9750-A1F5F9BAC04E}.Release|x64.Build.0 = Release|x64
		{F80E4900-1727-40CA-9750-A1F5F9BAC04E}.Release|x86.ActiveCfg = Release|Win32
		{F80E4900-1727-40CA-9750-A1F5F9BAC04E}.Release|x86.Build.0 = Release|Win32
	EndGlobalSection
	GlobalSection(SolutionProperties) = preSolution
		HideSolutionNode = FALSE
	EndGlobalSection
	GlobalSection(ExtensibilityGlobals) = postSolution
		SolutionGuid = {3EC1A5D3-F58C-40B6-ABD7-510607F86E9D}
	EndGlobalSection
EndGlobal
