
Microsoft Visual Studio Solution File, Format Version 12.00
# Visual Studio Version 17
VisualStudioVersion = 17.7.34202.233
MinimumVisualStudioVersion = 10.0.40219.1
Project("{8BC9CEB8-8B4A-11D0-8D11-00A0C91BC942}") = "20231108", "20231108.vcxproj", "{4A4B22CF-860A-48ED-AD06-24771EE2456F}"
EndProject
Global
	GlobalSection(SolutionConfigurationPlatforms) = preSolution
		Debug|x64 = Debug|x64
		Debug|x86 = Debug|x86
		Release|x64 = Release|x64
		Release|x86 = Release|x86
	EndGlobalSection
	GlobalSection(ProjectConfigurationPlatforms) = postSolution
		{4A4B22CF-860A-48ED-AD06-24771EE2456F}.Debug|x64.ActiveCfg = Debug|x64
		{4A4B22CF-860A-48ED-AD06-24771EE2456F}.Debug|x64.Build.0 = Debug|x64
		{4A4B22CF-860A-48ED-AD06-24771EE2456F}.Debug|x86.ActiveCfg = Debug|Win32
		{4A4B22CF-860A-48ED-AD06-24771EE2456F}.Debug|x86.Build.0 = Debug|Win32
		{4A4B22CF-860A-48ED-AD06-24771EE2456F}.Release|x64.ActiveCfg = Release|x64
		{4A4B22CF-860A-48ED-AD06-24771EE2456F}.Release|x64.Build.0 = Release|x64
		{4A4B22CF-860A-48ED-AD06-24771EE2456F}.Release|x86.ActiveCfg = Release|Win32
		{4A4B22CF-860A-48ED-AD06-24771EE2456F}.Release|x86.Build.0 = Release|Win32
	EndGlobalSection
	GlobalSection(SolutionProperties) = preSolution
		HideSolutionNode = FALSE
	EndGlobalSection
	GlobalSection(ExtensibilityGlobals) = postSolution
		SolutionGuid = {64790422-3D13-43EF-BD5E-5C7C63C19755}
	EndGlobalSection
EndGlobal
